// !$*UTF8*$!
{
	archiveVersion = 1;
	classes = {
	};
	objectVersion = 55;
	objects = {

/* Begin PBXBuildFile section */
		3E46853527F9AC0400670235 /* JokeDetailPresenter.swift in Sources */ = {isa = PBXBuildFile; fileRef = 3E46853427F9AC0400670235 /* JokeDetailPresenter.swift */; };
		3E46853727F9AC1100670235 /* JokeDetailInteractor.swift in Sources */ = {isa = PBXBuildFile; fileRef = 3E46853627F9AC1100670235 /* JokeDetailInteractor.swift */; };
		3E46853927F9AC1C00670235 /* JokeDetailRouter.swift in Sources */ = {isa = PBXBuildFile; fileRef = 3E46853827F9AC1C00670235 /* JokeDetailRouter.swift */; };
		3E46853B27F9AC6600670235 /* JokePresenter.swift in Sources */ = {isa = PBXBuildFile; fileRef = 3E46853A27F9AC6600670235 /* JokePresenter.swift */; };
		3E46853D27F9AC6A00670235 /* JokeView.swift in Sources */ = {isa = PBXBuildFile; fileRef = 3E46853C27F9AC6A00670235 /* JokeView.swift */; };
		3E46853F27F9AC7100670235 /* JokeInteractor.swift in Sources */ = {isa = PBXBuildFile; fileRef = 3E46853E27F9AC7100670235 /* JokeInteractor.swift */; };
		3E46854127F9AC7500670235 /* JokeRouter.swift in Sources */ = {isa = PBXBuildFile; fileRef = 3E46854027F9AC7500670235 /* JokeRouter.swift */; };
		3E46854727F9BA2400670235 /* SnapKit in Frameworks */ = {isa = PBXBuildFile; productRef = 3E46854627F9BA2400670235 /* SnapKit */; };
		3E46854C27F9BF4E00670235 /* API.swift in Sources */ = {isa = PBXBuildFile; fileRef = 3E46854B27F9BF4E00670235 /* API.swift */; };
		3EBEEEFF27F887E80012A461 /* AppDelegate.swift in Sources */ = {isa = PBXBuildFile; fileRef = 3EBEEEFE27F887E80012A461 /* AppDelegate.swift */; };
		3EBEEF0827F887EA0012A461 /* Assets.xcassets in Resources */ = {isa = PBXBuildFile; fileRef = 3EBEEF0727F887EA0012A461 /* Assets.xcassets */; };
		3EBEEF0B27F887EA0012A461 /* LaunchScreen.storyboard in Resources */ = {isa = PBXBuildFile; fileRef = 3EBEEF0927F887EA0012A461 /* LaunchScreen.storyboard */; };
		3EBEEF1727F8AB030012A461 /* ViperBase.swift in Sources */ = {isa = PBXBuildFile; fileRef = 3EBEEF1627F8AB030012A461 /* ViperBase.swift */; };
		3EBEEF1B27F8ABC00012A461 /* ViperBase.swift in Sources */ = {isa = PBXBuildFile; fileRef = 3EBEEF1627F8AB030012A461 /* ViperBase.swift */; };
		3EBEEF1D27F8ABDE0012A461 /* ViperBase.swift in Sources */ = {isa = PBXBuildFile; fileRef = 3EBEEF1627F8AB030012A461 /* ViperBase.swift */; };
		3EBEEF2127F8ADA40012A461 /* JokeModule.swift in Sources */ = {isa = PBXBuildFile; fileRef = 3EBEEF2027F8ADA40012A461 /* JokeModule.swift */; };
		3EBEEF2327F8B5DD0012A461 /* JokeDetailModule.swift in Sources */ = {isa = PBXBuildFile; fileRef = 3EBEEF2227F8B5DD0012A461 /* JokeDetailModule.swift */; };
		3EBEEF2527F8B6B00012A461 /* JokeDetailView.swift in Sources */ = {isa = PBXBuildFile; fileRef = 3EBEEF2427F8B6B00012A461 /* JokeDetailView.swift */; };
		3EBEEF2827F8B72C0012A461 /* JokeModel.swift in Sources */ = {isa = PBXBuildFile; fileRef = 3EBEEF2727F8B72C0012A461 /* JokeModel.swift */; };
/* End PBXBuildFile section */

/* Begin PBXCopyFilesBuildPhase section */
		3EBEEF1227F8AB030012A461 /* CopyFiles */ = {
			isa = PBXCopyFilesBuildPhase;
			buildActionMask = 2147483647;
			dstPath = "include/$(PRODUCT_NAME)";
			dstSubfolderSpec = 16;
			files = (
			);
			runOnlyForDeploymentPostprocessing = 0;
		};
/* End PBXCopyFilesBuildPhase section */

/* Begin PBXFileReference section */
		3E46853427F9AC0400670235 /* JokeDetailPresenter.swift */ = {isa = PBXFileReference; lastKnownFileType = sourcecode.swift; path = JokeDetailPresenter.swift; sourceTree = "<group>"; };
		3E46853627F9AC1100670235 /* JokeDetailInteractor.swift */ = {isa = PBXFileReference; lastKnownFileType = sourcecode.swift; path = JokeDetailInteractor.swift; sourceTree = "<group>"; };
		3E46853827F9AC1C00670235 /* JokeDetailRouter.swift */ = {isa = PBXFileReference; lastKnownFileType = sourcecode.swift; path = JokeDetailRouter.swift; sourceTree = "<group>"; };
		3E46853A27F9AC6600670235 /* JokePresenter.swift */ = {isa = PBXFileReference; lastKnownFileType = sourcecode.swift; path = JokePresenter.swift; sourceTree = "<group>"; };
		3E46853C27F9AC6A00670235 /* JokeView.swift */ = {isa = PBXFileReference; lastKnownFileType = sourcecode.swift; path = JokeView.swift; sourceTree = "<group>"; };
		3E46853E27F9AC7100670235 /* JokeInteractor.swift */ = {isa = PBXFileReference; lastKnownFileType = sourcecode.swift; path = JokeInteractor.swift; sourceTree = "<group>"; };
		3E46854027F9AC7500670235 /* JokeRouter.swift */ = {isa = PBXFileReference; lastKnownFileType = sourcecode.swift; path = JokeRouter.swift; sourceTree = "<group>"; };
		3E46854B27F9BF4E00670235 /* API.swift */ = {isa = PBXFileReference; lastKnownFileType = sourcecode.swift; path = API.swift; sourceTree = "<group>"; };
		3EBEEEE127F887A50012A461 /* VIPER-CompleteGuide.app */ = {isa = PBXFileReference; explicitFileType = wrapper.application; includeInIndex = 0; path = "VIPER-CompleteGuide.app"; sourceTree = BUILT_PRODUCTS_DIR; };
		3EBEEEFC27F887E80012A461 /* JokeApp.app */ = {isa = PBXFileReference; explicitFileType = wrapper.application; includeInIndex = 0; path = JokeApp.app; sourceTree = BUILT_PRODUCTS_DIR; };
		3EBEEEFE27F887E80012A461 /* AppDelegate.swift */ = {isa = PBXFileReference; lastKnownFileType = sourcecode.swift; path = AppDelegate.swift; sourceTree = "<group>"; };
		3EBEEF0727F887EA0012A461 /* Assets.xcassets */ = {isa = PBXFileReference; lastKnownFileType = folder.assetcatalog; path = Assets.xcassets; sourceTree = "<group>"; };
		3EBEEF0A27F887EA0012A461 /* Base */ = {isa = PBXFileReference; lastKnownFileType = file.storyboard; name = Base; path = Base.lproj/LaunchScreen.storyboard; sourceTree = "<group>"; };
		3EBEEF0C27F887EA0012A461 /* Info.plist */ = {isa = PBXFileReference; lastKnownFileType = text.plist.xml; path = Info.plist; sourceTree = "<group>"; };
		3EBEEF1427F8AB030012A461 /* libViperBase.a */ = {isa = PBXFileReference; explicitFileType = archive.ar; includeInIndex = 0; path = libViperBase.a; sourceTree = BUILT_PRODUCTS_DIR; };
		3EBEEF1627F8AB030012A461 /* ViperBase.swift */ = {isa = PBXFileReference; lastKnownFileType = sourcecode.swift; path = ViperBase.swift; sourceTree = "<group>"; };
		3EBEEF2027F8ADA40012A461 /* JokeModule.swift */ = {isa = PBXFileReference; lastKnownFileType = sourcecode.swift; path = JokeModule.swift; sourceTree = "<group>"; };
		3EBEEF2227F8B5DD0012A461 /* JokeDetailModule.swift */ = {isa = PBXFileReference; lastKnownFileType = sourcecode.swift; path = JokeDetailModule.swift; sourceTree = "<group>"; };
		3EBEEF2427F8B6B00012A461 /* JokeDetailView.swift */ = {isa = PBXFileReference; lastKnownFileType = sourcecode.swift; path = JokeDetailView.swift; sourceTree = "<group>"; };
		3EBEEF2727F8B72C0012A461 /* JokeModel.swift */ = {isa = PBXFileReference; lastKnownFileType = sourcecode.swift; path = JokeModel.swift; sourceTree = "<group>"; };
/* End PBXFileReference section */

/* Begin PBXFrameworksBuildPhase section */
		3EBEEEDE27F887A50012A461 /* Frameworks */ = {
			isa = PBXFrameworksBuildPhase;
			buildActionMask = 2147483647;
			files = (
			);
			runOnlyForDeploymentPostprocessing = 0;
		};
		3EBEEEF927F887E80012A461 /* Frameworks */ = {
			isa = PBXFrameworksBuildPhase;
			buildActionMask = 2147483647;
			files = (
				3E46854727F9BA2400670235 /* SnapKit in Frameworks */,
			);
			runOnlyForDeploymentPostprocessing = 0;
		};
		3EBEEF1127F8AB030012A461 /* Frameworks */ = {
			isa = PBXFrameworksBuildPhase;
			buildActionMask = 2147483647;
			files = (
			);
			runOnlyForDeploymentPostprocessing = 0;
		};
/* End PBXFrameworksBuildPhase section */

/* Begin PBXGroup section */
		3E46854827F9BF3B00670235 /* Tools */ = {
			isa = PBXGroup;
			children = (
				3E46854B27F9BF4E00670235 /* API.swift */,
			);
			path = Tools;
			sourceTree = "<group>";
		};
		3EBEEED827F887A50012A461 = {
			isa = PBXGroup;
			children = (
				3EBEEEE327F887A50012A461 /* VIPER-CompleteGuide */,
				3EBEEF1527F8AB030012A461 /* ViperBase */,
				3EBEEEFD27F887E80012A461 /* JokeApp */,
				3EBEEEE227F887A50012A461 /* Products */,
			);
			sourceTree = "<group>";
		};
		3EBEEEE227F887A50012A461 /* Products */ = {
			isa = PBXGroup;
			children = (
				3EBEEEE127F887A50012A461 /* VIPER-CompleteGuide.app */,
				3EBEEEFC27F887E80012A461 /* JokeApp.app */,
				3EBEEF1427F8AB030012A461 /* libViperBase.a */,
			);
			name = Products;
			sourceTree = "<group>";
		};
		3EBEEEE327F887A50012A461 /* VIPER-CompleteGuide */ = {
			isa = PBXGroup;
			children = (
			);
			path = "VIPER-CompleteGuide";
			sourceTree = "<group>";
		};
		3EBEEEFD27F887E80012A461 /* JokeApp */ = {
			isa = PBXGroup;
			children = (
				3E46854827F9BF3B00670235 /* Tools */,
				3EBEEF2627F8B6DE0012A461 /* Model */,
				3EBEEF1F27F8AD800012A461 /* JokeDetail */,
				3EBEEF1E27F8AD7A0012A461 /* Joke */,
				3EBEEEFE27F887E80012A461 /* AppDelegate.swift */,
				3EBEEF0727F887EA0012A461 /* Assets.xcassets */,
				3EBEEF0927F887EA0012A461 /* LaunchScreen.storyboard */,
				3EBEEF0C27F887EA0012A461 /* Info.plist */,
			);
			path = JokeApp;
			sourceTree = "<group>";
		};
		3EBEEF1527F8AB030012A461 /* ViperBase */ = {
			isa = PBXGroup;
			children = (
				3EBEEF1627F8AB030012A461 /* ViperBase.swift */,
			);
			path = ViperBase;
			sourceTree = "<group>";
		};
		3EBEEF1E27F8AD7A0012A461 /* Joke */ = {
			isa = PBXGroup;
			children = (
				3EBEEF2027F8ADA40012A461 /* JokeModule.swift */,
				3E46853C27F9AC6A00670235 /* JokeView.swift */,
				3E46853A27F9AC6600670235 /* JokePresenter.swift */,
				3E46853E27F9AC7100670235 /* JokeInteractor.swift */,
				3E46854027F9AC7500670235 /* JokeRouter.swift */,
			);
			path = Joke;
			sourceTree = "<group>";
		};
		3EBEEF1F27F8AD800012A461 /* JokeDetail */ = {
			isa = PBXGroup;
			children = (
				3EBEEF2227F8B5DD0012A461 /* JokeDetailModule.swift */,
				3EBEEF2427F8B6B00012A461 /* JokeDetailView.swift */,
				3E46853427F9AC0400670235 /* JokeDetailPresenter.swift */,
				3E46853627F9AC1100670235 /* JokeDetailInteractor.swift */,
				3E46853827F9AC1C00670235 /* JokeDetailRouter.swift */,
			);
			path = JokeDetail;
			sourceTree = "<group>";
		};
		3EBEEF2627F8B6DE0012A461 /* Model */ = {
			isa = PBXGroup;
			children = (
				3EBEEF2727F8B72C0012A461 /* JokeModel.swift */,
			);
			path = Model;
			sourceTree = "<group>";
		};
/* End PBXGroup section */

/* Begin PBXNativeTarget section */
		3EBEEEE027F887A50012A461 /* VIPER-CompleteGuide */ = {
			isa = PBXNativeTarget;
			buildConfigurationList = 3EBEEEF527F887A70012A461 /* Build configuration list for PBXNativeTarget "VIPER-CompleteGuide" */;
			buildPhases = (
				3EBEEEDD27F887A50012A461 /* Sources */,
				3EBEEEDE27F887A50012A461 /* Frameworks */,
				3EBEEEDF27F887A50012A461 /* Resources */,
			);
			buildRules = (
			);
			dependencies = (
			);
			name = "VIPER-CompleteGuide";
			packageProductDependencies = (
			);
			productName = "VIPER-CompleteGuide";
			productReference = 3EBEEEE127F887A50012A461 /* VIPER-CompleteGuide.app */;
			productType = "com.apple.product-type.application";
		};
		3EBEEEFB27F887E80012A461 /* JokeApp */ = {
			isa = PBXNativeTarget;
			buildConfigurationList = 3EBEEF0D27F887EA0012A461 /* Build configuration list for PBXNativeTarget "JokeApp" */;
			buildPhases = (
				3EBEEEF827F887E80012A461 /* Sources */,
				3EBEEEF927F887E80012A461 /* Frameworks */,
				3EBEEEFA27F887E80012A461 /* Resources */,
			);
			buildRules = (
			);
			dependencies = (
			);
			name = JokeApp;
			packageProductDependencies = (
				3E46854627F9BA2400670235 /* SnapKit */,
			);
			productName = JokeApp;
			productReference = 3EBEEEFC27F887E80012A461 /* JokeApp.app */;
			productType = "com.apple.product-type.application";
		};
		3EBEEF1327F8AB030012A461 /* ViperBase */ = {
			isa = PBXNativeTarget;
			buildConfigurationList = 3EBEEF1827F8AB030012A461 /* Build configuration list for PBXNativeTarget "ViperBase" */;
			buildPhases = (
				3EBEEF1027F8AB030012A461 /* Sources */,
				3EBEEF1127F8AB030012A461 /* Frameworks */,
				3EBEEF1227F8AB030012A461 /* CopyFiles */,
			);
			buildRules = (
			);
			dependencies = (
			);
			name = ViperBase;
			productName = ViperBase;
			productReference = 3EBEEF1427F8AB030012A461 /* libViperBase.a */;
			productType = "com.apple.product-type.library.static";
		};
/* End PBXNativeTarget section */

/* Begin PBXProject section */
		3EBEEED927F887A50012A461 /* Project object */ = {
			isa = PBXProject;
			attributes = {
				BuildIndependentTargetsInParallel = 1;
				LastSwiftUpdateCheck = 1320;
				LastUpgradeCheck = 1320;
				TargetAttributes = {
					3EBEEEE027F887A50012A461 = {
						CreatedOnToolsVersion = 13.2.1;
					};
					3EBEEEFB27F887E80012A461 = {
						CreatedOnToolsVersion = 13.2.1;
					};
					3EBEEF1327F8AB030012A461 = {
						CreatedOnToolsVersion = 13.2.1;
					};
				};
			};
			buildConfigurationList = 3EBEEEDC27F887A50012A461 /* Build configuration list for PBXProject "VIPER-CompleteGuide" */;
			compatibilityVersion = "Xcode 13.0";
			developmentRegion = en;
			hasScannedForEncodings = 0;
			knownRegions = (
				en,
				Base,
			);
			mainGroup = 3EBEEED827F887A50012A461;
			packageReferences = (
				3E46854527F9BA2400670235 /* XCRemoteSwiftPackageReference "SnapKit" */,
			);
			productRefGroup = 3EBEEEE227F887A50012A461 /* Products */;
			projectDirPath = "";
			projectRoot = "";
			targets = (
				3EBEEEE027F887A50012A461 /* VIPER-CompleteGuide */,
				3EBEEEFB27F887E80012A461 /* JokeApp */,
				3EBEEF1327F8AB030012A461 /* ViperBase */,
			);
		};
/* End PBXProject section */

/* Begin PBXResourcesBuildPhase section */
		3EBEEEDF27F887A50012A461 /* Resources */ = {
			isa = PBXResourcesBuildPhase;
			buildActionMask = 2147483647;
			files = (
			);
			runOnlyForDeploymentPostprocessing = 0;
		};
		3EBEEEFA27F887E80012A461 /* Resources */ = {
			isa = PBXResourcesBuildPhase;
			buildActionMask = 2147483647;
			files = (
				3EBEEF0B27F887EA0012A461 /* LaunchScreen.storyboard in Resources */,
				3EBEEF0827F887EA0012A461 /* Assets.xcassets in Resources */,
			);
			runOnlyForDeploymentPostprocessing = 0;
		};
/* End PBXResourcesBuildPhase section */

/* Begin PBXSourcesBuildPhase section */
		3EBEEEDD27F887A50012A461 /* Sources */ = {
			isa = PBXSourcesBuildPhase;
			buildActionMask = 2147483647;
			files = (
				3EBEEF1D27F8ABDE0012A461 /* ViperBase.swift in Sources */,
			);
			runOnlyForDeploymentPostprocessing = 0;
		};
		3EBEEEF827F887E80012A461 /* Sources */ = {
			isa = PBXSourcesBuildPhase;
			buildActionMask = 2147483647;
			files = (
				3E46854127F9AC7500670235 /* JokeRouter.swift in Sources */,
				3EBEEEFF27F887E80012A461 /* AppDelegate.swift in Sources */,
				3E46853927F9AC1C00670235 /* JokeDetailRouter.swift in Sources */,
				3EBEEF2127F8ADA40012A461 /* JokeModule.swift in Sources */,
				3E46853F27F9AC7100670235 /* JokeInteractor.swift in Sources */,
				3E46853D27F9AC6A00670235 /* JokeView.swift in Sources */,
				3E46854C27F9BF4E00670235 /* API.swift in Sources */,
				3EBEEF2827F8B72C0012A461 /* JokeModel.swift in Sources */,
				3EBEEF1B27F8ABC00012A461 /* ViperBase.swift in Sources */,
				3E46853B27F9AC6600670235 /* JokePresenter.swift in Sources */,
				3E46853727F9AC1100670235 /* JokeDetailInteractor.swift in Sources */,
				3EBEEF2327F8B5DD0012A461 /* JokeDetailModule.swift in Sources */,
				3E46853527F9AC0400670235 /* JokeDetailPresenter.swift in Sources */,
				3EBEEF2527F8B6B00012A461 /* JokeDetailView.swift in Sources */,
			);
			runOnlyForDeploymentPostprocessing = 0;
		};
		3EBEEF1027F8AB030012A461 /* Sources */ = {
			isa = PBXSourcesBuildPhase;
			buildActionMask = 2147483647;
			files = (
				3EBEEF1727F8AB030012A461 /* ViperBase.swift in Sources */,
			);
			runOnlyForDeploymentPostprocessing = 0;
		};
/* End PBXSourcesBuildPhase section */

/* Begin PBXVariantGroup section */
		3EBEEF0927F887EA0012A461 /* LaunchScreen.storyboard */ = {
			isa = PBXVariantGroup;
			children = (
				3EBEEF0A27F887EA0012A461 /* Base */,
			);
			name = LaunchScreen.storyboard;
			sourceTree = "<group>";
		};
/* End PBXVariantGroup section */

/* Begin XCBuildConfiguration section */
		3EBEEEF327F887A70012A461 /* Debug */ = {
			isa = XCBuildConfiguration;
			buildSettings = {
				ALWAYS_SEARCH_USER_PATHS = NO;
				CLANG_ANALYZER_NONNULL = YES;
				CLANG_ANALYZER_NUMBER_OBJECT_CONVERSION = YES_AGGRESSIVE;
				CLANG_CXX_LANGUAGE_STANDARD = "gnu++17";
				CLANG_CXX_LIBRARY = "libc++";
				CLANG_ENABLE_MODULES = YES;
				CLANG_ENABLE_OBJC_ARC = YES;
				CLANG_ENABLE_OBJC_WEAK = YES;
				CLANG_WARN_BLOCK_CAPTURE_AUTORELEASING = YES;
				CLANG_WARN_BOOL_CONVERSION = YES;
				CLANG_WARN_COMMA = YES;
				CLANG_WARN_CONSTANT_CONVERSION = YES;
				CLANG_WARN_DEPRECATED_OBJC_IMPLEMENTATIONS = YES;
				CLANG_WARN_DIRECT_OBJC_ISA_USAGE = YES_ERROR;
				CLANG_WARN_DOCUMENTATION_COMMENTS = YES;
				CLANG_WARN_EMPTY_BODY = YES;
				CLANG_WARN_ENUM_CONVERSION = YES;
				CLANG_WARN_INFINITE_RECURSION = YES;
				CLANG_WARN_INT_CONVERSION = YES;
				CLANG_WARN_NON_LITERAL_NULL_CONVERSION = YES;
				CLANG_WARN_OBJC_IMPLICIT_RETAIN_SELF = YES;
				CLANG_WARN_OBJC_LITERAL_CONVERSION = YES;
				CLANG_WARN_OBJC_ROOT_CLASS = YES_ERROR;
				CLANG_WARN_QUOTED_INCLUDE_IN_FRAMEWORK_HEADER = YES;
				CLANG_WARN_RANGE_LOOP_ANALYSIS = YES;
				CLANG_WARN_STRICT_PROTOTYPES = YES;
				CLANG_WARN_SUSPICIOUS_MOVE = YES;
				CLANG_WARN_UNGUARDED_AVAILABILITY = YES_AGGRESSIVE;
				CLANG_WARN_UNREACHABLE_CODE = YES;
				CLANG_WARN__DUPLICATE_METHOD_MATCH = YES;
				COPY_PHASE_STRIP = NO;
				DEBUG_INFORMATION_FORMAT = dwarf;
				ENABLE_STRICT_OBJC_MSGSEND = YES;
				ENABLE_TESTABILITY = YES;
				GCC_C_LANGUAGE_STANDARD = gnu11;
				GCC_DYNAMIC_NO_PIC = NO;
				GCC_NO_COMMON_BLOCKS = YES;
				GCC_OPTIMIZATION_LEVEL = 0;
				GCC_PREPROCESSOR_DEFINITIONS = (
					"DEBUG=1",
					"$(inherited)",
				);
				GCC_WARN_64_TO_32_BIT_CONVERSION = YES;
				GCC_WARN_ABOUT_RETURN_TYPE = YES_ERROR;
				GCC_WARN_UNDECLARED_SELECTOR = YES;
				GCC_WARN_UNINITIALIZED_AUTOS = YES_AGGRESSIVE;
				GCC_WARN_UNUSED_FUNCTION = YES;
				GCC_WARN_UNUSED_VARIABLE = YES;
				IPHONEOS_DEPLOYMENT_TARGET = 15.2;
				MTL_ENABLE_DEBUG_INFO = INCLUDE_SOURCE;
				MTL_FAST_MATH = YES;
				ONLY_ACTIVE_ARCH = YES;
				SDKROOT = iphoneos;
				SWIFT_ACTIVE_COMPILATION_CONDITIONS = DEBUG;
				SWIFT_OPTIMIZATION_LEVEL = "-Onone";
			};
			name = Debug;
		};
		3EBEEEF427F887A70012A461 /* Release */ = {
			isa = XCBuildConfiguration;
			buildSettings = {
				ALWAYS_SEARCH_USER_PATHS = NO;
				CLANG_ANALYZER_NONNULL = YES;
				CLANG_ANALYZER_NUMBER_OBJECT_CONVERSION = YES_AGGRESSIVE;
				CLANG_CXX_LANGUAGE_STANDARD = "gnu++17";
				CLANG_CXX_LIBRARY = "libc++";
				CLANG_ENABLE_MODULES = YES;
				CLANG_ENABLE_OBJC_ARC = YES;
				CLANG_ENABLE_OBJC_WEAK = YES;
				CLANG_WARN_BLOCK_CAPTURE_AUTORELEASING = YES;
				CLANG_WARN_BOOL_CONVERSION = YES;
				CLANG_WARN_COMMA = YES;
				CLANG_WARN_CONSTANT_CONVERSION = YES;
				CLANG_WARN_DEPRECATED_OBJC_IMPLEMENTATIONS = YES;
				CLANG_WARN_DIRECT_OBJC_ISA_USAGE = YES_ERROR;
				CLANG_WARN_DOCUMENTATION_COMMENTS = YES;
				CLANG_WARN_EMPTY_BODY = YES;
				CLANG_WARN_ENUM_CONVERSION = YES;
				CLANG_WARN_INFINITE_RECURSION = YES;
				CLANG_WARN_INT_CONVERSION = YES;
				CLANG_WARN_NON_LITERAL_NULL_CONVERSION = YES;
				CLANG_WARN_OBJC_IMPLICIT_RETAIN_SELF = YES;
				CLANG_WARN_OBJC_LITERAL_CONVERSION = YES;
				CLANG_WARN_OBJC_ROOT_CLASS = YES_ERROR;
				CLANG_WARN_QUOTED_INCLUDE_IN_FRAMEWORK_HEADER = YES;
				CLANG_WARN_RANGE_LOOP_ANALYSIS = YES;
				CLANG_WARN_STRICT_PROTOTYPES = YES;
				CLANG_WARN_SUSPICIOUS_MOVE = YES;
				CLANG_WARN_UNGUARDED_AVAILABILITY = YES_AGGRESSIVE;
				CLANG_WARN_UNREACHABLE_CODE = YES;
				CLANG_WARN__DUPLICATE_METHOD_MATCH = YES;
				COPY_PHASE_STRIP = NO;
				DEBUG_INFORMATION_FORMAT = "dwarf-with-dsym";
				ENABLE_NS_ASSERTIONS = NO;
				ENABLE_STRICT_OBJC_MSGSEND = YES;
				GCC_C_LANGUAGE_STANDARD = gnu11;
				GCC_NO_COMMON_BLOCKS = YES;
				GCC_WARN_64_TO_32_BIT_CONVERSION = YES;
				GCC_WARN_ABOUT_RETURN_TYPE = YES_ERROR;
				GCC_WARN_UNDECLARED_SELECTOR = YES;
				GCC_WARN_UNINITIALIZED_AUTOS = YES_AGGRESSIVE;
				GCC_WARN_UNUSED_FUNCTION = YES;
				GCC_WARN_UNUSED_VARIABLE = YES;
				IPHONEOS_DEPLOYMENT_TARGET = 15.2;
				MTL_ENABLE_DEBUG_INFO = NO;
				MTL_FAST_MATH = YES;
				SDKROOT = iphoneos;
				SWIFT_COMPILATION_MODE = wholemodule;
				SWIFT_OPTIMIZATION_LEVEL = "-O";
				VALIDATE_PRODUCT = YES;
			};
			name = Release;
		};
		3EBEEEF627F887A70012A461 /* Debug */ = {
			isa = XCBuildConfiguration;
			buildSettings = {
				ASSETCATALOG_COMPILER_APPICON_NAME = AppIcon;
				ASSETCATALOG_COMPILER_GLOBAL_ACCENT_COLOR_NAME = AccentColor;
				CODE_SIGN_STYLE = Automatic;
				CURRENT_PROJECT_VERSION = 1;
				DEVELOPMENT_TEAM = R24W57U338;
				GENERATE_INFOPLIST_FILE = YES;
				INFOPLIST_FILE = "VIPER-CompleteGuide/Info.plist";
				INFOPLIST_KEY_UIApplicationSupportsIndirectInputEvents = YES;
				INFOPLIST_KEY_UILaunchStoryboardName = LaunchScreen;
				INFOPLIST_KEY_UIMainStoryboardFile = Main;
				INFOPLIST_KEY_UISupportedInterfaceOrientations_iPad = "UIInterfaceOrientationPortrait UIInterfaceOrientationPortraitUpsideDown UIInterfaceOrientationLandscapeLeft UIInterfaceOrientationLandscapeRight";
				INFOPLIST_KEY_UISupportedInterfaceOrientations_iPhone = "UIInterfaceOrientationPortrait UIInterfaceOrientationLandscapeLeft UIInterfaceOrientationLandscapeRight";
				LD_RUNPATH_SEARCH_PATHS = (
					"$(inherited)",
					"@executable_path/Frameworks",
				);
				MARKETING_VERSION = 1.0;
				PRODUCT_BUNDLE_IDENTIFIER = "Jeytery.VIPER-CompleteGuide";
				PRODUCT_NAME = "$(TARGET_NAME)";
				SWIFT_EMIT_LOC_STRINGS = YES;
				SWIFT_VERSION = 5.0;
				TARGETED_DEVICE_FAMILY = "1,2";
			};
			name = Debug;
		};
		3EBEEEF727F887A70012A461 /* Release */ = {
			isa = XCBuildConfiguration;
			buildSettings = {
				ASSETCATALOG_COMPILER_APPICON_NAME = AppIcon;
				ASSETCATALOG_COMPILER_GLOBAL_ACCENT_COLOR_NAME = AccentColor;
				CODE_SIGN_STYLE = Automatic;
				CURRENT_PROJECT_VERSION = 1;
				DEVELOPMENT_TEAM = R24W57U338;
				GENERATE_INFOPLIST_FILE = YES;
				INFOPLIST_FILE = "VIPER-CompleteGuide/Info.plist";
				INFOPLIST_KEY_UIApplicationSupportsIndirectInputEvents = YES;
				INFOPLIST_KEY_UILaunchStoryboardName = LaunchScreen;
				INFOPLIST_KEY_UIMainStoryboardFile = Main;
				INFOPLIST_KEY_UISupportedInterfaceOrientations_iPad = "UIInterfaceOrientationPortrait UIInterfaceOrientationPortraitUpsideDown UIInterfaceOrientationLandscapeLeft UIInterfaceOrientationLandscapeRight";
				INFOPLIST_KEY_UISupportedInterfaceOrientations_iPhone = "UIInterfaceOrientationPortrait UIInterfaceOrientationLandscapeLeft UIInterfaceOrientationLandscapeRight";
				LD_RUNPATH_SEARCH_PATHS = (
					"$(inherited)",
					"@executable_path/Frameworks",
				);
				MARKETING_VERSION = 1.0;
				PRODUCT_BUNDLE_IDENTIFIER = "Jeytery.VIPER-CompleteGuide";
				PRODUCT_NAME = "$(TARGET_NAME)";
				SWIFT_EMIT_LOC_STRINGS = YES;
				SWIFT_VERSION = 5.0;
				TARGETED_DEVICE_FAMILY = "1,2";
			};
			name = Release;
		};
		3EBEEF0E27F887EA0012A461 /* Debug */ = {
			isa = XCBuildConfiguration;
			buildSettings = {
				ASSETCATALOG_COMPILER_APPICON_NAME = AppIcon;
				ASSETCATALOG_COMPILER_GLOBAL_ACCENT_COLOR_NAME = AccentColor;
				CODE_SIGN_STYLE = Automatic;
				CURRENT_PROJECT_VERSION = 1;
				DEVELOPMENT_TEAM = R24W57U338;
				GENERATE_INFOPLIST_FILE = YES;
				INFOPLIST_FILE = JokeApp/Info.plist;
				INFOPLIST_KEY_UIApplicationSupportsIndirectInputEvents = YES;
				INFOPLIST_KEY_UILaunchStoryboardName = LaunchScreen;
				INFOPLIST_KEY_UISupportedInterfaceOrientations_iPad = "UIInterfaceOrientationPortrait UIInterfaceOrientationPortraitUpsideDown UIInterfaceOrientationLandscapeLeft UIInterfaceOrientationLandscapeRight";
				INFOPLIST_KEY_UISupportedInterfaceOrientations_iPhone = "UIInterfaceOrientationPortrait UIInterfaceOrientationLandscapeLeft UIInterfaceOrientationLandscapeRight";
				LD_RUNPATH_SEARCH_PATHS = (
					"$(inherited)",
					"@executable_path/Frameworks",
				);
				MARKETING_VERSION = 1.0;
				PRODUCT_BUNDLE_IDENTIFIER = Jeytery.JokeApp;
				PRODUCT_NAME = "$(TARGET_NAME)";
				SWIFT_EMIT_LOC_STRINGS = YES;
				SWIFT_VERSION = 5.0;
				TARGETED_DEVICE_FAMILY = "1,2";
			};
			name = Debug;
		};
		3EBEEF0F27F887EA0012A461 /* Release */ = {
			isa = XCBuildConfiguration;
			buildSettings = {
				ASSETCATALOG_COMPILER_APPICON_NAME = AppIcon;
				ASSETCATALOG_COMPILER_GLOBAL_ACCENT_COLOR_NAME = AccentColor;
				CODE_SIGN_STYLE = Automatic;
				CURRENT_PROJECT_VERSION = 1;
				DEVELOPMENT_TEAM = R24W57U338;
				GENERATE_INFOPLIST_FILE = YES;
				INFOPLIST_FILE = JokeApp/Info.plist;
				INFOPLIST_KEY_UIApplicationSupportsIndirectInputEvents = YES;
				INFOPLIST_KEY_UILaunchStoryboardName = LaunchScreen;
				INFOPLIST_KEY_UISupportedInterfaceOrientations_iPad = "UIInterfaceOrientationPortrait UIInterfaceOrientationPortraitUpsideDown UIInterfaceOrientationLandscapeLeft UIInterfaceOrientationLandscapeRight";
				INFOPLIST_KEY_UISupportedInterfaceOrientations_iPhone = "UIInterfaceOrientationPortrait UIInterfaceOrientationLandscapeLeft UIInterfaceOrientationLandscapeRight";
				LD_RUNPATH_SEARCH_PATHS = (
					"$(inherited)",
					"@executable_path/Frameworks",
				);
				MARKETING_VERSION = 1.0;
				PRODUCT_BUNDLE_IDENTIFIER = Jeytery.JokeApp;
				PRODUCT_NAME = "$(TARGET_NAME)";
				SWIFT_EMIT_LOC_STRINGS = YES;
				SWIFT_VERSION = 5.0;
				TARGETED_DEVICE_FAMILY = "1,2";
			};
			name = Release;
		};
		3EBEEF1927F8AB030012A461 /* Debug */ = {
			isa = XCBuildConfiguration;
			buildSettings = {
				CODE_SIGN_STYLE = Automatic;
				DEVELOPMENT_TEAM = R24W57U338;
				OTHER_LDFLAGS = "-ObjC";
				PRODUCT_NAME = "$(TARGET_NAME)";
				SKIP_INSTALL = YES;
				SWIFT_VERSION = 5.0;
				TARGETED_DEVICE_FAMILY = "1,2";
			};
			name = Debug;
		};
		3EBEEF1A27F8AB030012A461 /* Release */ = {
			isa = XCBuildConfiguration;
			buildSettings = {
				CODE_SIGN_STYLE = Automatic;
				DEVELOPMENT_TEAM = R24W57U338;
				OTHER_LDFLAGS = "-ObjC";
				PRODUCT_NAME = "$(TARGET_NAME)";
				SKIP_INSTALL = YES;
				SWIFT_VERSION = 5.0;
				TARGETED_DEVICE_FAMILY = "1,2";
			};
			name = Release;
		};
/* End XCBuildConfiguration section */

/* Begin XCConfigurationList section */
		3EBEEEDC27F887A50012A461 /* Build configuration list for PBXProject "VIPER-CompleteGuide" */ = {
			isa = XCConfigurationList;
			buildConfigurations = (
				3EBEEEF327F887A70012A461 /* Debug */,
				3EBEEEF427F887A70012A461 /* Release */,
			);
			defaultConfigurationIsVisible = 0;
			defaultConfigurationName = Release;
		};
		3EBEEEF527F887A70012A461 /* Build configuration list for PBXNativeTarget "VIPER-CompleteGuide" */ = {
			isa = XCConfigurationList;
			buildConfigurations = (
				3EBEEEF627F887A70012A461 /* Debug */,
				3EBEEEF727F887A70012A461 /* Release */,
			);
			defaultConfigurationIsVisible = 0;
			defaultConfigurationName = Release;
		};
		3EBEEF0D27F887EA0012A461 /* Build configuration list for PBXNativeTarget "JokeApp" */ = {
			isa = XCConfigurationList;
			buildConfigurations = (
				3EBEEF0E27F887EA0012A461 /* Debug */,
				3EBEEF0F27F887EA0012A461 /* Release */,
			);
			defaultConfigurationIsVisible = 0;
			defaultConfigurationName = Release;
		};
		3EBEEF1827F8AB030012A461 /* Build configuration list for PBXNativeTarget "ViperBase" */ = {
			isa = XCConfigurationList;
			buildConfigurations = (
				3EBEEF1927F8AB030012A461 /* Debug */,
				3EBEEF1A27F8AB030012A461 /* Release */,
			);
			defaultConfigurationIsVisible = 0;
			defaultConfigurationName = Release;
		};
/* End XCConfigurationList section */

/* Begin XCRemoteSwiftPackageReference section */
		3E46854527F9BA2400670235 /* XCRemoteSwiftPackageReference "SnapKit" */ = {
			isa = XCRemoteSwiftPackageReference;
			repositoryURL = "https://github.com/SnapKit/SnapKit";
			requirement = {
				branch = develop;
				kind = branch;
			};
		};
/* End XCRemoteSwiftPackageReference section */

/* Begin XCSwiftPackageProductDependency section */
		3E46854627F9BA2400670235 /* SnapKit */ = {
			isa = XCSwiftPackageProductDependency;
			package = 3E46854527F9BA2400670235 /* XCRemoteSwiftPackageReference "SnapKit" */;
			productName = SnapKit;
		};
/* End XCSwiftPackageProductDependency section */
	};
	rootObject = 3EBEEED927F887A50012A461 /* Project object */;
}
